
Microsoft Visual Studio Solution File, Format Version 12.00
# Visual Studio Version 17
VisualStudioVersion = 17.8.34330.188
MinimumVisualStudioVersion = 10.0.40219.1
Project("{FAE04EC0-301F-11D3-BF4B-00C04F79EFBC}") = "homeWork", "homeWork.csproj", "{5BD50288-E0AD-42C9-8974-30733F202329}"
EndProject
Global
	GlobalSection(SolutionConfigurationPlatforms) = preSolution
		Debug|Any CPU = Debug|Any CPU
		Release|Any CPU = Release|Any CPU
	EndGlobalSection
	GlobalSection(ProjectConfigurationPlatforms) = postSolution
		{5BD50288-E0AD-42C9-8974-30733F202329}.Debug|Any CPU.ActiveCfg = Debug|Any CPU
		{5BD50288-E0AD-42C9-8974-30733F202329}.Debug|Any CPU.Build.0 = Debug|Any CPU
		{5BD50288-E0AD-42C9-8974-30733F202329}.Release|Any CPU.ActiveCfg = Release|Any CPU
		{5BD50288-E0AD-42C9-8974-30733F202329}.Release|Any CPU.Build.0 = Release|Any CPU
	EndGlobalSection
	GlobalSection(SolutionProperties) = preSolution
		HideSolutionNode = FALSE
	EndGlobalSection
	GlobalSection(ExtensibilityGlobals) = postSolution
		SolutionGuid = {69680741-22D0-420B-B969-9D49A19FF77C}
	EndGlobalSection
EndGlobal
